
Microsoft Visual Studio Solution File, Format Version 12.00
# Visual Studio Version 17
VisualStudioVersion = 17.12.35707.178 d17.12
MinimumVisualStudioVersion = 10.0.40219.1
Project("{FAE04EC0-301F-11D3-BF4B-00C04F79EFBC}") = "CheckersWinApp", "CheckersWinApp\CheckersWinApp.csproj", "{B961AAD2-CF27-475A-96E5-BAC3754A8A85}"
EndProject
Global
	GlobalSection(SolutionConfigurationPlatforms) = preSolution
		Debug|Any CPU = Debug|Any CPU
		Release|Any CPU = Release|Any CPU
	EndGlobalSection
	GlobalSection(ProjectConfigurationPlatforms) = postSolution
		{B961AAD2-CF27-475A-96E5-BAC3754A8A85}.Debug|Any CPU.ActiveCfg = Debug|Any CPU
		{B961AAD2-CF27-475A-96E5-BAC3754A8A85}.Debug|Any CPU.Build.0 = Debug|Any CPU
		{B961AAD2-CF27-475A-96E5-BAC3754A8A85}.Release|Any CPU.ActiveCfg = Release|Any CPU
		{B961AAD2-CF27-475A-96E5-BAC3754A8A85}.Release|Any CPU.Build.0 = Release|Any CPU
	EndGlobalSection
	GlobalSection(SolutionProperties) = preSolution
		HideSolutionNode = FALSE
	EndGlobalSection
EndGlobal
